
Microsoft Visual Studio Solution File, Format Version 12.00
# Visual Studio Version 17
VisualStudioVersion = 17.14.36518.9 d17.14
MinimumVisualStudioVersion = 10.0.40219.1
Project("{FAE04EC0-301F-11D3-BF4B-00C04F79EFBC}") = "LAB3.2", "LAB3.2\LAB3.2.csproj", "{D12FED98-9A73-4ED9-8FAE-C7D191C6FC91}"
EndProject
Global
	GlobalSection(SolutionConfigurationPlatforms) = preSolution
		Debug|Any CPU = Debug|Any CPU
		Release|Any CPU = Release|Any CPU
	EndGlobalSection
	GlobalSection(ProjectConfigurationPlatforms) = postSolution
		{D12FED98-9A73-4ED9-8FAE-C7D191C6FC91}.Debug|Any CPU.ActiveCfg = Debug|Any CPU
		{D12FED98-9A73-4ED9-8FAE-C7D191C6FC91}.Debug|Any CPU.Build.0 = Debug|Any CPU
		{D12FED98-9A73-4ED9-8FAE-C7D191C6FC91}.Release|Any CPU.ActiveCfg = Release|Any CPU
		{D12FED98-9A73-4ED9-8FAE-C7D191C6FC91}.Release|Any CPU.Build.0 = Release|Any CPU
	EndGlobalSection
	GlobalSection(SolutionProperties) = preSolution
		HideSolutionNode = FALSE
	EndGlobalSection
	GlobalSection(ExtensibilityGlobals) = postSolution
		SolutionGuid = {F14B01B2-F124-486B-9232-728C7F593231}
	EndGlobalSection
EndGlobal
